
Microsoft Visual Studio Solution File, Format Version 12.00
# Visual Studio 14
VisualStudioVersion = 14.0.25420.1
MinimumVisualStudioVersion = 10.0.40219.1
Project("{FAE04EC0-301F-11D3-BF4B-00C04F79EFBC}") = "swconsoleapp", "swconsoleapp\swconsoleapp.csproj", "{ED7EA65E-3019-485D-A343-4E68B6D6B9FA}"
EndProject
Project("{FAE04EC0-301F-11D3-BF4B-00C04F79EFBC}") = "swlibrary", "swlibrary\swlibrary.csproj", "{E3AC3A5E-70E0-4C0C-890D-A0C078866B9E}"
EndProject
Project("{FAE04EC0-301F-11D3-BF4B-00C04F79EFBC}") = "swtestunit", "swtestunit\swtestunit.csproj", "{1F6A8F71-400F-4B4B-8C59-23C62D479542}"
EndProject
Global
	GlobalSection(SolutionConfigurationPlatforms) = preSolution
		Debug|Any CPU = Debug|Any CPU
		Release|Any CPU = Release|Any CPU
	EndGlobalSection
	GlobalSection(ProjectConfigurationPlatforms) = postSolution
		{ED7EA65E-3019-485D-A343-4E68B6D6B9FA}.Debug|Any CPU.ActiveCfg = Debug|Any CPU
		{ED7EA65E-3019-485D-A343-4E68B6D6B9FA}.Debug|Any CPU.Build.0 = Debug|Any CPU
		{ED7EA65E-3019-485D-A343-4E68B6D6B9FA}.Release|Any CPU.ActiveCfg = Release|Any CPU
		{ED7EA65E-3019-485D-A343-4E68B6D6B9FA}.Release|Any CPU.Build.0 = Release|Any CPU
		{E3AC3A5E-70E0-4C0C-890D-A0C078866B9E}.Debug|Any CPU.ActiveCfg = Debug|Any CPU
		{E3AC3A5E-70E0-4C0C-890D-A0C078866B9E}.Debug|Any CPU.Build.0 = Debug|Any CPU
		{E3AC3A5E-70E0-4C0C-890D-A0C078866B9E}.Release|Any CPU.ActiveCfg = Release|Any CPU
		{E3AC3A5E-70E0-4C0C-890D-A0C078866B9E}.Release|Any CPU.Build.0 = Release|Any CPU
		{1F6A8F71-400F-4B4B-8C59-23C62D479542}.Debug|Any CPU.ActiveCfg = Debug|Any CPU
		{1F6A8F71-400F-4B4B-8C59-23C62D479542}.Debug|Any CPU.Build.0 = Debug|Any CPU
		{1F6A8F71-400F-4B4B-8C59-23C62D479542}.Release|Any CPU.ActiveCfg = Release|Any CPU
		{1F6A8F71-400F-4B4B-8C59-23C62D479542}.Release|Any CPU.Build.0 = Release|Any CPU
	EndGlobalSection
	GlobalSection(SolutionProperties) = preSolution
		HideSolutionNode = FALSE
	EndGlobalSection
EndGlobal
